
Microsoft Visual Studio Solution File, Format Version 12.00
# Visual Studio Version 17
VisualStudioVersion = 17.2.32526.322
MinimumVisualStudioVersion = 10.0.40219.1
Project("{FAE04EC0-301F-11D3-BF4B-00C04F79EFBC}") = "Atividade 2", "Atividade 2\Atividade 2.csproj", "{42B56E26-4056-4887-A6B8-A8EA5641AF0A}"
EndProject
Global
	GlobalSection(SolutionConfigurationPlatforms) = preSolution
		Debug|Any CPU = Debug|Any CPU
		Release|Any CPU = Release|Any CPU
	EndGlobalSection
	GlobalSection(ProjectConfigurationPlatforms) = postSolution
		{42B56E26-4056-4887-A6B8-A8EA5641AF0A}.Debug|Any CPU.ActiveCfg = Debug|Any CPU
		{42B56E26-4056-4887-A6B8-A8EA5641AF0A}.Debug|Any CPU.Build.0 = Debug|Any CPU
		{42B56E26-4056-4887-A6B8-A8EA5641AF0A}.Release|Any CPU.ActiveCfg = Release|Any CPU
		{42B56E26-4056-4887-A6B8-A8EA5641AF0A}.Release|Any CPU.Build.0 = Release|Any CPU
	EndGlobalSection
	GlobalSection(SolutionProperties) = preSolution
		HideSolutionNode = FALSE
	EndGlobalSection
	GlobalSection(ExtensibilityGlobals) = postSolution
		SolutionGuid = {EA5F744C-285C-47B1-88E0-DD84EF09797F}
	EndGlobalSection
EndGlobal
